
Microsoft Visual Studio Solution File, Format Version 12.00
# Visual Studio Version 16
VisualStudioVersion = 16.0.34031.81
MinimumVisualStudioVersion = 10.0.40219.1
Project("{FAE04EC0-301F-11D3-BF4B-00C04F79EFBC}") = "LocoBrands_Service", "LocoBrands_Service.csproj", "{C1F8F27F-1FB4-47E7-9482-A319E59CDD90}"
EndProject
Global
	GlobalSection(SolutionConfigurationPlatforms) = preSolution
		Debug|Any CPU = Debug|Any CPU
		Release|Any CPU = Release|Any CPU
	EndGlobalSection
	GlobalSection(ProjectConfigurationPlatforms) = postSolution
		{C1F8F27F-1FB4-47E7-9482-A319E59CDD90}.Debug|Any CPU.ActiveCfg = Debug|Any CPU
		{C1F8F27F-1FB4-47E7-9482-A319E59CDD90}.Debug|Any CPU.Build.0 = Debug|Any CPU
		{C1F8F27F-1FB4-47E7-9482-A319E59CDD90}.Release|Any CPU.ActiveCfg = Release|Any CPU
		{C1F8F27F-1FB4-47E7-9482-A319E59CDD90}.Release|Any CPU.Build.0 = Release|Any CPU
	EndGlobalSection
	GlobalSection(SolutionProperties) = preSolution
		HideSolutionNode = FALSE
	EndGlobalSection
	GlobalSection(ExtensibilityGlobals) = postSolution
		SolutionGuid = {38B49C07-E5A9-450C-9EEE-A15BD5B315FC}
	EndGlobalSection
EndGlobal
